<Solution>
  <Folder Name="/src/">
    <Project Path="src/DriveHarbor.App/DriveHarbor.App.csproj" />
    <Project Path="src/DriveHarbor.Core/DriveHarbor.Core.csproj" />
  </Folder>
  <Folder Name="/tests/">
    <Project Path="tests/DriveHarbor.Core.Tests/DriveHarbor.Core.Tests.csproj" />
  </Folder>
</Solution>
